# THIS IS AN AUTOGENERATED FILE. DO NOT EDIT THIS FILE DIRECTLY.
# yarn lockfile v1


"@types/incremental-dom@^0.5.0":
  version "0.5.0"
  resolved "https://registry.yarnpkg.com/@types/incremental-dom/-/incremental-dom-0.5.0.tgz#d08d0efe031ab11dede70fe1b47289bedcfd4356"

incremental-dom@^0.5.1:
  version "0.5.1"
  resolved "https://registry.yarnpkg.com/incremental-dom/-/incremental-dom-0.5.1.tgz#52f4539c3e9eee7cd112a6da052fb7162fefb0c3"

typescript@^2.3.2:
  version "2.3.2"
  resolved "https://registry.yarnpkg.com/typescript/-/typescript-2.3.2.tgz#f0f045e196f69a72f06b25fd3bd39d01c3ce9984"
